
Microsoft Visual Studio Solution File, Format Version 12.00
# Visual Studio Version 17
VisualStudioVersion = 17.9.34622.214
MinimumVisualStudioVersion = 10.0.40219.1
Project("{FAE04EC0-301F-11D3-BF4B-00C04F79EFBC}") = "PrimeFactor", "PrimeFactor.csproj", "{111C0E47-6732-40F4-827C-D78D58F4AF40}"
EndProject
Global
	GlobalSection(SolutionConfigurationPlatforms) = preSolution
		Debug|Any CPU = Debug|Any CPU
		Release|Any CPU = Release|Any CPU
	EndGlobalSection
	GlobalSection(ProjectConfigurationPlatforms) = postSolution
		{111C0E47-6732-40F4-827C-D78D58F4AF40}.Debug|Any CPU.ActiveCfg = Debug|Any CPU
		{111C0E47-6732-40F4-827C-D78D58F4AF40}.Debug|Any CPU.Build.0 = Debug|Any CPU
		{111C0E47-6732-40F4-827C-D78D58F4AF40}.Release|Any CPU.ActiveCfg = Release|Any CPU
		{111C0E47-6732-40F4-827C-D78D58F4AF40}.Release|Any CPU.Build.0 = Release|Any CPU
	EndGlobalSection
	GlobalSection(SolutionProperties) = preSolution
		HideSolutionNode = FALSE
	EndGlobalSection
	GlobalSection(ExtensibilityGlobals) = postSolution
		SolutionGuid = {3D2ADA14-AD5E-475B-B200-DCC928E52BAA}
	EndGlobalSection
EndGlobal
