
Microsoft Visual Studio Solution File, Format Version 12.00
# Visual Studio Version 17
VisualStudioVersion = 17.9.34622.214
MinimumVisualStudioVersion = 10.0.40219.1
Project("{FAE04EC0-301F-11D3-BF4B-00C04F79EFBC}") = "AiShi", "AiShi.csproj", "{EC4F67C6-1A91-477B-BB88-B8A75A319DDB}"
EndProject
Global
	GlobalSection(SolutionConfigurationPlatforms) = preSolution
		Debug|Any CPU = Debug|Any CPU
		Release|Any CPU = Release|Any CPU
	EndGlobalSection
	GlobalSection(ProjectConfigurationPlatforms) = postSolution
		{EC4F67C6-1A91-477B-BB88-B8A75A319DDB}.Debug|Any CPU.ActiveCfg = Debug|Any CPU
		{EC4F67C6-1A91-477B-BB88-B8A75A319DDB}.Debug|Any CPU.Build.0 = Debug|Any CPU
		{EC4F67C6-1A91-477B-BB88-B8A75A319DDB}.Release|Any CPU.ActiveCfg = Release|Any CPU
		{EC4F67C6-1A91-477B-BB88-B8A75A319DDB}.Release|Any CPU.Build.0 = Release|Any CPU
	EndGlobalSection
	GlobalSection(SolutionProperties) = preSolution
		HideSolutionNode = FALSE
	EndGlobalSection
	GlobalSection(ExtensibilityGlobals) = postSolution
		SolutionGuid = {E833A7A4-6A77-4E4A-A969-C3BE51CAF504}
	EndGlobalSection
EndGlobal
