
Microsoft Visual Studio Solution File, Format Version 12.00
# Visual Studio Version 17
VisualStudioVersion = 17.9.34622.214
MinimumVisualStudioVersion = 10.0.40219.1
Project("{FAE04EC0-301F-11D3-BF4B-00C04F79EFBC}") = "Assignment7", "Assignment7.csproj", "{2D9F6AB9-B6A6-4D1F-B73A-465A0C77B310}"
EndProject
Global
	GlobalSection(SolutionConfigurationPlatforms) = preSolution
		Debug|Any CPU = Debug|Any CPU
		Release|Any CPU = Release|Any CPU
	EndGlobalSection
	GlobalSection(ProjectConfigurationPlatforms) = postSolution
		{2D9F6AB9-B6A6-4D1F-B73A-465A0C77B310}.Debug|Any CPU.ActiveCfg = Debug|Any CPU
		{2D9F6AB9-B6A6-4D1F-B73A-465A0C77B310}.Debug|Any CPU.Build.0 = Debug|Any CPU
		{2D9F6AB9-B6A6-4D1F-B73A-465A0C77B310}.Release|Any CPU.ActiveCfg = Release|Any CPU
		{2D9F6AB9-B6A6-4D1F-B73A-465A0C77B310}.Release|Any CPU.Build.0 = Release|Any CPU
	EndGlobalSection
	GlobalSection(SolutionProperties) = preSolution
		HideSolutionNode = FALSE
	EndGlobalSection
	GlobalSection(ExtensibilityGlobals) = postSolution
		SolutionGuid = {62CD99DA-8F7F-4D1A-825B-CBF6CB8BF184}
	EndGlobalSection
EndGlobal
