
Microsoft Visual Studio Solution File, Format Version 12.00
# Visual Studio Version 17
VisualStudioVersion = 17.9.34622.214
MinimumVisualStudioVersion = 10.0.40219.1
Project("{9A19103F-16F7-4668-BE54-9A1E7A4F7556}") = "Assignment9", "Assignment9.csproj", "{9F2F5CAF-F34F-46D9-8A6B-9E60923F8AB9}"
EndProject
Project("{FAE04EC0-301F-11D3-BF4B-00C04F79EFBC}") = "client", "..\client\client.csproj", "{B0BF161D-B40F-4822-8A00-DF1855B6BA7A}"
EndProject
Global
	GlobalSection(SolutionConfigurationPlatforms) = preSolution
		Debug|Any CPU = Debug|Any CPU
		Release|Any CPU = Release|Any CPU
	EndGlobalSection
	GlobalSection(ProjectConfigurationPlatforms) = postSolution
		{9F2F5CAF-F34F-46D9-8A6B-9E60923F8AB9}.Debug|Any CPU.ActiveCfg = Debug|Any CPU
		{9F2F5CAF-F34F-46D9-8A6B-9E60923F8AB9}.Debug|Any CPU.Build.0 = Debug|Any CPU
		{9F2F5CAF-F34F-46D9-8A6B-9E60923F8AB9}.Release|Any CPU.ActiveCfg = Release|Any CPU
		{9F2F5CAF-F34F-46D9-8A6B-9E60923F8AB9}.Release|Any CPU.Build.0 = Release|Any CPU
		{B0BF161D-B40F-4822-8A00-DF1855B6BA7A}.Debug|Any CPU.ActiveCfg = Debug|Any CPU
		{B0BF161D-B40F-4822-8A00-DF1855B6BA7A}.Debug|Any CPU.Build.0 = Debug|Any CPU
		{B0BF161D-B40F-4822-8A00-DF1855B6BA7A}.Release|Any CPU.ActiveCfg = Release|Any CPU
		{B0BF161D-B40F-4822-8A00-DF1855B6BA7A}.Release|Any CPU.Build.0 = Release|Any CPU
	EndGlobalSection
	GlobalSection(SolutionProperties) = preSolution
		HideSolutionNode = FALSE
	EndGlobalSection
	GlobalSection(ExtensibilityGlobals) = postSolution
		SolutionGuid = {DA420638-5521-4686-BEDB-7174A3667EBA}
	EndGlobalSection
EndGlobal
